
Microsoft Visual Studio Solution File, Format Version 12.00
# Visual Studio Version 17
VisualStudioVersion = 17.11.35312.102
MinimumVisualStudioVersion = 10.0.40219.1
Project("{2150E333-8FDC-42A3-9474-1A3956D46DE8}") = "Task0", "Task0", "{085228DB-D1AB-413C-B4EF-049DD1E95DF8}"
EndProject
Project("{9A19103F-16F7-4668-BE54-9A1E7A4F7556}") = "Tyuiu.MilyutinND.Sprint1.Task0.V23", "Tyuiu.MilyutinND.Sprint1.Task0.V23\Tyuiu.MilyutinND.Sprint1.Task0.V23.csproj", "{054C911F-BE0D-4A56-8C01-D0ACBA1F1D79}"
EndProject
Project("{9A19103F-16F7-4668-BE54-9A1E7A4F7556}") = "Tyuiu.MilyutinND.Sprint1.Task0.V23.Lib", "Tyuiu.MilyutinND.Sprint1.Task0.V23.Lib\Tyuiu.MilyutinND.Sprint1.Task0.V23.Lib.csproj", "{BE41CB86-3AEE-4568-9D21-B2101123CAE8}"
EndProject
Project("{9A19103F-16F7-4668-BE54-9A1E7A4F7556}") = "Tyuiu.MilyutinND.Sprint1.Task0.V23.Test", "Tyuiu.MilyutinND.Sprint1.Task0.V23.Test\Tyuiu.MilyutinND.Sprint1.Task0.V23.Test.csproj", "{BB762633-2B95-436F-9F3E-A41DB00B61B6}"
EndProject
Project("{2150E333-8FDC-42A3-9474-1A3956D46DE8}") = "Task1", "Task1", "{9B14EAF4-4D64-41A6-AFFA-2CA825B709CD}"
EndProject
Project("{9A19103F-16F7-4668-BE54-9A1E7A4F7556}") = "Tyuiu.MilyutinND.Sprint1.Task1.V20", "Tyuiu.MilyutinND.Sprint1.Task1.V20\Tyuiu.MilyutinND.Sprint1.Task1.V20.csproj", "{1897ECA3-5EAA-4EA8-9FEB-EA01A9E51E20}"
EndProject
Project("{9A19103F-16F7-4668-BE54-9A1E7A4F7556}") = "Tyuiu.MilyutinND.Sprint1.Task1.V20.Lib", "Tyuiu.MilyutinND.Sprint1.Task1.V20.Lib\Tyuiu.MilyutinND.Sprint1.Task1.V20.Lib.csproj", "{7CCF31B6-12DA-4E94-A74A-82ADA71206B0}"
EndProject
Project("{9A19103F-16F7-4668-BE54-9A1E7A4F7556}") = "Tyuiu.MilyutinND.Sprint1.Task1.V20.Test", "Tyuiu.MilyutinND.Sprint1.Task1.V20.Test\Tyuiu.MilyutinND.Sprint1.Task1.V20.Test.csproj", "{C0E12610-DE8D-47B4-B33A-258A9C660C8D}"
EndProject
Project("{2150E333-8FDC-42A3-9474-1A3956D46DE8}") = "Task2", "Task2", "{63317925-A419-4023-8A66-44EABD9CAD9F}"
EndProject
Project("{9A19103F-16F7-4668-BE54-9A1E7A4F7556}") = "Tyuiu.MilyutinND.Sprint1.Task2.V13", "Tyuiu.MilyutinND.Sprint1.Task2.V13\Tyuiu.MilyutinND.Sprint1.Task2.V13.csproj", "{418E40FD-AC48-4048-A4B0-80AA55FEE007}"
EndProject
Project("{9A19103F-16F7-4668-BE54-9A1E7A4F7556}") = "Tyuiu.MilyutinND.Sprint1.Task2.V13.Lib", "Tyuiu.MilyutinND.Sprint1.Task2.V13.Lib\Tyuiu.MilyutinND.Sprint1.Task2.V13.Lib.csproj", "{FC36310B-95AA-40D8-88B3-4EEC6A83FFF4}"
EndProject
Project("{9A19103F-16F7-4668-BE54-9A1E7A4F7556}") = "Tyuiu.MilyutinND.Sprint1.Task2.V13.Test", "Tyuiu.MilyutinND.Sprint1.Task2.V13.Test\Tyuiu.MilyutinND.Sprint1.Task2.V13.Test.csproj", "{BD68DEF3-82E8-48AF-8140-758F2264467C}"
EndProject
Project("{2150E333-8FDC-42A3-9474-1A3956D46DE8}") = "Task3", "Task3", "{03797DF8-4DF4-47AC-B08F-C7DE12D10CCD}"
EndProject
Project("{FAE04EC0-301F-11D3-BF4B-00C04F79EFBC}") = "Tyuiu.MilyutinND.Sprint1.Task3.V16", "Tyuiu.MilyutinND.Sprint1.Task3.V16\Tyuiu.MilyutinND.Sprint1.Task3.V16.csproj", "{0488FC5D-B018-40BC-B207-9785E8824265}"
EndProject
Project("{FAE04EC0-301F-11D3-BF4B-00C04F79EFBC}") = "Tyuiu.MilyutinND.Sprint1.Task3.V16.Lib", "Tyuiu.MilyutinND.Sprint1.Task3.V16.Lib\Tyuiu.MilyutinND.Sprint1.Task3.V16.Lib.csproj", "{1F7391FE-B8DC-4279-B921-D6264888A33E}"
EndProject
Project("{FAE04EC0-301F-11D3-BF4B-00C04F79EFBC}") = "Tyuiu.MilyutinND.Sprint1.Task3.V16.Test", "Tyuiu.MilyutinND.Sprint1.Task3.V16.Test\Tyuiu.MilyutinND.Sprint1.Task3.V16.Test.csproj", "{5FCC5D2F-05F2-43AF-AF27-1FCFD3B6B42D}"
EndProject
Global
	GlobalSection(SolutionConfigurationPlatforms) = preSolution
		Debug|Any CPU = Debug|Any CPU
		Release|Any CPU = Release|Any CPU
	EndGlobalSection
	GlobalSection(ProjectConfigurationPlatforms) = postSolution
		{054C911F-BE0D-4A56-8C01-D0ACBA1F1D79}.Debug|Any CPU.ActiveCfg = Debug|Any CPU
		{054C911F-BE0D-4A56-8C01-D0ACBA1F1D79}.Debug|Any CPU.Build.0 = Debug|Any CPU
		{054C911F-BE0D-4A56-8C01-D0ACBA1F1D79}.Release|Any CPU.ActiveCfg = Release|Any CPU
		{054C911F-BE0D-4A56-8C01-D0ACBA1F1D79}.Release|Any CPU.Build.0 = Release|Any CPU
		{BE41CB86-3AEE-4568-9D21-B2101123CAE8}.Debug|Any CPU.ActiveCfg = Debug|Any CPU
		{BE41CB86-3AEE-4568-9D21-B2101123CAE8}.Debug|Any CPU.Build.0 = Debug|Any CPU
		{BE41CB86-3AEE-4568-9D21-B2101123CAE8}.Release|Any CPU.ActiveCfg = Release|Any CPU
		{BE41CB86-3AEE-4568-9D21-B2101123CAE8}.Release|Any CPU.Build.0 = Release|Any CPU
		{BB762633-2B95-436F-9F3E-A41DB00B61B6}.Debug|Any CPU.ActiveCfg = Debug|Any CPU
		{BB762633-2B95-436F-9F3E-A41DB00B61B6}.Debug|Any CPU.Build.0 = Debug|Any CPU
		{BB762633-2B95-436F-9F3E-A41DB00B61B6}.Release|Any CPU.ActiveCfg = Release|Any CPU
		{BB762633-2B95-436F-9F3E-A41DB00B61B6}.Release|Any CPU.Build.0 = Release|Any CPU
		{1897ECA3-5EAA-4EA8-9FEB-EA01A9E51E20}.Debug|Any CPU.ActiveCfg = Debug|Any CPU
		{1897ECA3-5EAA-4EA8-9FEB-EA01A9E51E20}.Debug|Any CPU.Build.0 = Debug|Any CPU
		{1897ECA3-5EAA-4EA8-9FEB-EA01A9E51E20}.Release|Any CPU.ActiveCfg = Release|Any CPU
		{1897ECA3-5EAA-4EA8-9FEB-EA01A9E51E20}.Release|Any CPU.Build.0 = Release|Any CPU
		{7CCF31B6-12DA-4E94-A74A-82ADA71206B0}.Debug|Any CPU.ActiveCfg = Debug|Any CPU
		{7CCF31B6-12DA-4E94-A74A-82ADA71206B0}.Debug|Any CPU.Build.0 = Debug|Any CPU
		{7CCF31B6-12DA-4E94-A74A-82ADA71206B0}.Release|Any CPU.ActiveCfg = Release|Any CPU
		{7CCF31B6-12DA-4E94-A74A-82ADA71206B0}.Release|Any CPU.Build.0 = Release|Any CPU
		{C0E12610-DE8D-47B4-B33A-258A9C660C8D}.Debug|Any CPU.ActiveCfg = Debug|Any CPU
		{C0E12610-DE8D-47B4-B33A-258A9C660C8D}.Debug|Any CPU.Build.0 = Debug|Any CPU
		{C0E12610-DE8D-47B4-B33A-258A9C660C8D}.Release|Any CPU.ActiveCfg = Release|Any CPU
		{C0E12610-DE8D-47B4-B33A-258A9C660C8D}.Release|Any CPU.Build.0 = Release|Any CPU
		{418E40FD-AC48-4048-A4B0-80AA55FEE007}.Debug|Any CPU.ActiveCfg = Debug|Any CPU
		{418E40FD-AC48-4048-A4B0-80AA55FEE007}.Debug|Any CPU.Build.0 = Debug|Any CPU
		{418E40FD-AC48-4048-A4B0-80AA55FEE007}.Release|Any CPU.ActiveCfg = Release|Any CPU
		{418E40FD-AC48-4048-A4B0-80AA55FEE007}.Release|Any CPU.Build.0 = Release|Any CPU
		{FC36310B-95AA-40D8-88B3-4EEC6A83FFF4}.Debug|Any CPU.ActiveCfg = Debug|Any CPU
		{FC36310B-95AA-40D8-88B3-4EEC6A83FFF4}.Debug|Any CPU.Build.0 = Debug|Any CPU
		{FC36310B-95AA-40D8-88B3-4EEC6A83FFF4}.Release|Any CPU.ActiveCfg = Release|Any CPU
		{FC36310B-95AA-40D8-88B3-4EEC6A83FFF4}.Release|Any CPU.Build.0 = Release|Any CPU
		{BD68DEF3-82E8-48AF-8140-758F2264467C}.Debug|Any CPU.ActiveCfg = Debug|Any CPU
		{BD68DEF3-82E8-48AF-8140-758F2264467C}.Debug|Any CPU.Build.0 = Debug|Any CPU
		{BD68DEF3-82E8-48AF-8140-758F2264467C}.Release|Any CPU.ActiveCfg = Release|Any CPU
		{BD68DEF3-82E8-48AF-8140-758F2264467C}.Release|Any CPU.Build.0 = Release|Any CPU
		{0488FC5D-B018-40BC-B207-9785E8824265}.Debug|Any CPU.ActiveCfg = Debug|Any CPU
		{0488FC5D-B018-40BC-B207-9785E8824265}.Debug|Any CPU.Build.0 = Debug|Any CPU
		{0488FC5D-B018-40BC-B207-9785E8824265}.Release|Any CPU.ActiveCfg = Release|Any CPU
		{0488FC5D-B018-40BC-B207-9785E8824265}.Release|Any CPU.Build.0 = Release|Any CPU
		{1F7391FE-B8DC-4279-B921-D6264888A33E}.Debug|Any CPU.ActiveCfg = Debug|Any CPU
		{1F7391FE-B8DC-4279-B921-D6264888A33E}.Debug|Any CPU.Build.0 = Debug|Any CPU
		{1F7391FE-B8DC-4279-B921-D6264888A33E}.Release|Any CPU.ActiveCfg = Release|Any CPU
		{1F7391FE-B8DC-4279-B921-D6264888A33E}.Release|Any CPU.Build.0 = Release|Any CPU
		{5FCC5D2F-05F2-43AF-AF27-1FCFD3B6B42D}.Debug|Any CPU.ActiveCfg = Debug|Any CPU
		{5FCC5D2F-05F2-43AF-AF27-1FCFD3B6B42D}.Debug|Any CPU.Build.0 = Debug|Any CPU
		{5FCC5D2F-05F2-43AF-AF27-1FCFD3B6B42D}.Release|Any CPU.ActiveCfg = Release|Any CPU
		{5FCC5D2F-05F2-43AF-AF27-1FCFD3B6B42D}.Release|Any CPU.Build.0 = Release|Any CPU
	EndGlobalSection
	GlobalSection(SolutionProperties) = preSolution
		HideSolutionNode = FALSE
	EndGlobalSection
	GlobalSection(NestedProjects) = preSolution
		{054C911F-BE0D-4A56-8C01-D0ACBA1F1D79} = {085228DB-D1AB-413C-B4EF-049DD1E95DF8}
		{BE41CB86-3AEE-4568-9D21-B2101123CAE8} = {085228DB-D1AB-413C-B4EF-049DD1E95DF8}
		{BB762633-2B95-436F-9F3E-A41DB00B61B6} = {085228DB-D1AB-413C-B4EF-049DD1E95DF8}
		{1897ECA3-5EAA-4EA8-9FEB-EA01A9E51E20} = {9B14EAF4-4D64-41A6-AFFA-2CA825B709CD}
		{7CCF31B6-12DA-4E94-A74A-82ADA71206B0} = {9B14EAF4-4D64-41A6-AFFA-2CA825B709CD}
		{C0E12610-DE8D-47B4-B33A-258A9C660C8D} = {9B14EAF4-4D64-41A6-AFFA-2CA825B709CD}
		{418E40FD-AC48-4048-A4B0-80AA55FEE007} = {63317925-A419-4023-8A66-44EABD9CAD9F}
		{FC36310B-95AA-40D8-88B3-4EEC6A83FFF4} = {63317925-A419-4023-8A66-44EABD9CAD9F}
		{BD68DEF3-82E8-48AF-8140-758F2264467C} = {63317925-A419-4023-8A66-44EABD9CAD9F}
		{0488FC5D-B018-40BC-B207-9785E8824265} = {03797DF8-4DF4-47AC-B08F-C7DE12D10CCD}
		{1F7391FE-B8DC-4279-B921-D6264888A33E} = {03797DF8-4DF4-47AC-B08F-C7DE12D10CCD}
		{5FCC5D2F-05F2-43AF-AF27-1FCFD3B6B42D} = {03797DF8-4DF4-47AC-B08F-C7DE12D10CCD}
	EndGlobalSection
	GlobalSection(ExtensibilityGlobals) = postSolution
		SolutionGuid = {9CFDAF2E-8BA0-4AF5-AD3A-CBF1F58A2EC6}
	EndGlobalSection
EndGlobal
